
Microsoft Visual Studio Solution File, Format Version 12.00
# Visual Studio 15
Project("{FAE04EC0-301F-11D3-BF4B-00C04F79EFBC}") = "AfyaHMIS", "afya-hmis-mvc.csproj", "{84E9A027-B64E-498F-8C79-7F6E08137AB7}"
EndProject
Global
	GlobalSection(SolutionConfigurationPlatforms) = preSolution
		Debug|Any CPU = Debug|Any CPU
		Release|Any CPU = Release|Any CPU
	EndGlobalSection
	GlobalSection(ProjectConfigurationPlatforms) = postSolution
		{84E9A027-B64E-498F-8C79-7F6E08137AB7}.Debug|Any CPU.ActiveCfg = Debug|Any CPU
		{84E9A027-B64E-498F-8C79-7F6E08137AB7}.Debug|Any CPU.Build.0 = Debug|Any CPU
		{84E9A027-B64E-498F-8C79-7F6E08137AB7}.Release|Any CPU.ActiveCfg = Release|Any CPU
		{84E9A027-B64E-498F-8C79-7F6E08137AB7}.Release|Any CPU.Build.0 = Release|Any CPU
	EndGlobalSection
EndGlobal
